
Microsoft Visual Studio Solution File, Format Version 12.00
# Visual Studio Version 16
VisualStudioVersion = 16.0.30523.141
MinimumVisualStudioVersion = 10.0.40219.1
Project("{FAE04EC0-301F-11D3-BF4B-00C04F79EFBC}") = "Colta_Iulia_Lab8", "Colta_Iulia_Lab8.csproj", "{A71A097D-9903-49B7-84B0-B03195B50F40}"
EndProject
Global
	GlobalSection(SolutionConfigurationPlatforms) = preSolution
		Debug|Any CPU = Debug|Any CPU
		Release|Any CPU = Release|Any CPU
	EndGlobalSection
	GlobalSection(ProjectConfigurationPlatforms) = postSolution
		{A71A097D-9903-49B7-84B0-B03195B50F40}.Debug|Any CPU.ActiveCfg = Debug|Any CPU
		{A71A097D-9903-49B7-84B0-B03195B50F40}.Debug|Any CPU.Build.0 = Debug|Any CPU
		{A71A097D-9903-49B7-84B0-B03195B50F40}.Release|Any CPU.ActiveCfg = Release|Any CPU
		{A71A097D-9903-49B7-84B0-B03195B50F40}.Release|Any CPU.Build.0 = Release|Any CPU
	EndGlobalSection
	GlobalSection(SolutionProperties) = preSolution
		HideSolutionNode = FALSE
	EndGlobalSection
	GlobalSection(ExtensibilityGlobals) = postSolution
		SolutionGuid = {3E47FE0F-A811-4F86-88F3-E26888F587D4}
	EndGlobalSection
EndGlobal
